
Microsoft Visual Studio Solution File, Format Version 12.00
# Visual Studio 15
VisualStudioVersion = 15.0.28307.136
MinimumVisualStudioVersion = 10.0.40219.1
Project("{FAE04EC0-301F-11D3-BF4B-00C04F79EFBC}") = "yapayZeka", "yapayZeka\yapayZeka.csproj", "{FB7A3532-CFD0-4F9A-9758-A759A57AF32B}"
EndProject
Global
	GlobalSection(SolutionConfigurationPlatforms) = preSolution
		Debug|Any CPU = Debug|Any CPU
		Release|Any CPU = Release|Any CPU
	EndGlobalSection
	GlobalSection(ProjectConfigurationPlatforms) = postSolution
		{FB7A3532-CFD0-4F9A-9758-A759A57AF32B}.Debug|Any CPU.ActiveCfg = Debug|Any CPU
		{FB7A3532-CFD0-4F9A-9758-A759A57AF32B}.Debug|Any CPU.Build.0 = Debug|Any CPU
		{FB7A3532-CFD0-4F9A-9758-A759A57AF32B}.Release|Any CPU.ActiveCfg = Release|Any CPU
		{FB7A3532-CFD0-4F9A-9758-A759A57AF32B}.Release|Any CPU.Build.0 = Release|Any CPU
	EndGlobalSection
	GlobalSection(SolutionProperties) = preSolution
		HideSolutionNode = FALSE
	EndGlobalSection
	GlobalSection(ExtensibilityGlobals) = postSolution
		SolutionGuid = {7FE1D154-9C3E-4090-A86A-86B2A4A688A2}
	EndGlobalSection
EndGlobal
